
Microsoft Visual Studio Solution File, Format Version 12.00
# Visual Studio 15
VisualStudioVersion = 15.0.27130.2020
MinimumVisualStudioVersion = 10.0.40219.1
Project("{9A19103F-16F7-4668-BE54-9A1E7A4F7556}") = "RealMsftWorldVisualStudioAsp.NetCoreDevOpsApp", "RealMsftWorldVisualStudioAsp.NetCoreDevOpsApp\RealMsftWorldVisualStudioAsp.NetCoreDevOpsApp.csproj", "{AAB93CEA-A3D2-42A1-A9C8-4608F2C15700}"
EndProject
Project("{9A19103F-16F7-4668-BE54-9A1E7A4F7556}") = "RecipeDemoReal", "RecipeDemoReal\RecipeDemoReal.csproj", "{1BD3864A-CF58-4FCD-B162-F8676D26AA5F}"
EndProject
Project("{9A19103F-16F7-4668-BE54-9A1E7A4F7556}") = "OdeToFood", "..\..\Desktop\aspdotnet-core-fundamentals\09\demos\demos\before\OdeToFood\OdeToFood.csproj", "{EF0E0CFB-2F1E-479B-8015-CAAD996B9AA5}"
EndProject
Project("{9A19103F-16F7-4668-BE54-9A1E7A4F7556}") = "CURD-FORM", "CURD-FORM\CURD-FORM.csproj", "{7BD6B02F-3C99-4FF2-B3EE-70D588CD954A}"
EndProject
Project("{9A19103F-16F7-4668-BE54-9A1E7A4F7556}") = "FormInput", "FormInput\FormInput.csproj", "{86C4F803-C788-4C44-8D6B-C235760A3250}"
EndProject
Project("{2150E333-8FDC-42A3-9474-1A3956D46DE8}") = "Login", "Login", "{CE9DE3F6-3AA6-4CF4-80AD-8606C4EA3A8C}"
	ProjectSection(SolutionItems) = preProject
		login\package.json = login\package.json
	EndProjectSection
EndProject
Global
	GlobalSection(SolutionConfigurationPlatforms) = preSolution
		Debug|Any CPU = Debug|Any CPU
		Release|Any CPU = Release|Any CPU
	EndGlobalSection
	GlobalSection(ProjectConfigurationPlatforms) = postSolution
		{AAB93CEA-A3D2-42A1-A9C8-4608F2C15700}.Debug|Any CPU.ActiveCfg = Debug|Any CPU
		{AAB93CEA-A3D2-42A1-A9C8-4608F2C15700}.Debug|Any CPU.Build.0 = Debug|Any CPU
		{AAB93CEA-A3D2-42A1-A9C8-4608F2C15700}.Release|Any CPU.ActiveCfg = Release|Any CPU
		{AAB93CEA-A3D2-42A1-A9C8-4608F2C15700}.Release|Any CPU.Build.0 = Release|Any CPU
		{1BD3864A-CF58-4FCD-B162-F8676D26AA5F}.Debug|Any CPU.ActiveCfg = Debug|Any CPU
		{1BD3864A-CF58-4FCD-B162-F8676D26AA5F}.Debug|Any CPU.Build.0 = Debug|Any CPU
		{1BD3864A-CF58-4FCD-B162-F8676D26AA5F}.Release|Any CPU.ActiveCfg = Release|Any CPU
		{1BD3864A-CF58-4FCD-B162-F8676D26AA5F}.Release|Any CPU.Build.0 = Release|Any CPU
		{EF0E0CFB-2F1E-479B-8015-CAAD996B9AA5}.Debug|Any CPU.ActiveCfg = Debug|Any CPU
		{EF0E0CFB-2F1E-479B-8015-CAAD996B9AA5}.Debug|Any CPU.Build.0 = Debug|Any CPU
		{EF0E0CFB-2F1E-479B-8015-CAAD996B9AA5}.Release|Any CPU.ActiveCfg = Release|Any CPU
		{EF0E0CFB-2F1E-479B-8015-CAAD996B9AA5}.Release|Any CPU.Build.0 = Release|Any CPU
		{7BD6B02F-3C99-4FF2-B3EE-70D588CD954A}.Debug|Any CPU.ActiveCfg = Debug|Any CPU
		{7BD6B02F-3C99-4FF2-B3EE-70D588CD954A}.Debug|Any CPU.Build.0 = Debug|Any CPU
		{7BD6B02F-3C99-4FF2-B3EE-70D588CD954A}.Release|Any CPU.ActiveCfg = Release|Any CPU
		{7BD6B02F-3C99-4FF2-B3EE-70D588CD954A}.Release|Any CPU.Build.0 = Release|Any CPU
		{86C4F803-C788-4C44-8D6B-C235760A3250}.Debug|Any CPU.ActiveCfg = Debug|Any CPU
		{86C4F803-C788-4C44-8D6B-C235760A3250}.Debug|Any CPU.Build.0 = Debug|Any CPU
		{86C4F803-C788-4C44-8D6B-C235760A3250}.Release|Any CPU.ActiveCfg = Release|Any CPU
		{86C4F803-C788-4C44-8D6B-C235760A3250}.Release|Any CPU.Build.0 = Release|Any CPU
	EndGlobalSection
	GlobalSection(SolutionProperties) = preSolution
		HideSolutionNode = FALSE
	EndGlobalSection
	GlobalSection(ExtensibilityGlobals) = postSolution
		SolutionGuid = {748D335F-3323-429A-BF84-FA4132BB44DD}
	EndGlobalSection
EndGlobal
