
Microsoft Visual Studio Solution File, Format Version 12.00
# Visual Studio 15
VisualStudioVersion = 15.0.27130.2020
MinimumVisualStudioVersion = 10.0.40219.1
Project("{FAE04EC0-301F-11D3-BF4B-00C04F79EFBC}") = "WebApplication1", "WebApplication1\WebApplication1.csproj", "{26F3D847-A14F-4832-A834-BFB65D9C85F4}"
EndProject
Global
	GlobalSection(SolutionConfigurationPlatforms) = preSolution
		Debug|Any CPU = Debug|Any CPU
		Release|Any CPU = Release|Any CPU
	EndGlobalSection
	GlobalSection(ProjectConfigurationPlatforms) = postSolution
		{26F3D847-A14F-4832-A834-BFB65D9C85F4}.Debug|Any CPU.ActiveCfg = Debug|Any CPU
		{26F3D847-A14F-4832-A834-BFB65D9C85F4}.Debug|Any CPU.Build.0 = Debug|Any CPU
		{26F3D847-A14F-4832-A834-BFB65D9C85F4}.Release|Any CPU.ActiveCfg = Release|Any CPU
		{26F3D847-A14F-4832-A834-BFB65D9C85F4}.Release|Any CPU.Build.0 = Release|Any CPU
	EndGlobalSection
	GlobalSection(SolutionProperties) = preSolution
		HideSolutionNode = FALSE
	EndGlobalSection
	GlobalSection(ExtensibilityGlobals) = postSolution
		SolutionGuid = {627EB64E-84A5-47E1-A51E-EF4A44CD31F5}
	EndGlobalSection
EndGlobal
