
Microsoft Visual Studio Solution File, Format Version 12.00
# Visual Studio 15
VisualStudioVersion = 15.0.27130.2020
MinimumVisualStudioVersion = 10.0.40219.1
Project("{9A19103F-16F7-4668-BE54-9A1E7A4F7556}") = "Angular", "Angular.csproj", "{A898BD29-1A18-434C-B37E-A2B402CFA0D2}"
EndProject
Global
	GlobalSection(SolutionConfigurationPlatforms) = preSolution
		Debug|Any CPU = Debug|Any CPU
		Release|Any CPU = Release|Any CPU
	EndGlobalSection
	GlobalSection(ProjectConfigurationPlatforms) = postSolution
		{A898BD29-1A18-434C-B37E-A2B402CFA0D2}.Debug|Any CPU.ActiveCfg = Debug|Any CPU
		{A898BD29-1A18-434C-B37E-A2B402CFA0D2}.Debug|Any CPU.Build.0 = Debug|Any CPU
		{A898BD29-1A18-434C-B37E-A2B402CFA0D2}.Release|Any CPU.ActiveCfg = Release|Any CPU
		{A898BD29-1A18-434C-B37E-A2B402CFA0D2}.Release|Any CPU.Build.0 = Release|Any CPU
	EndGlobalSection
	GlobalSection(SolutionProperties) = preSolution
		HideSolutionNode = FALSE
	EndGlobalSection
	GlobalSection(ExtensibilityGlobals) = postSolution
		SolutionGuid = {3327729C-A0B5-4DCB-BFEB-C074007BF677}
	EndGlobalSection
EndGlobal
